<?xml version="1.0" encoding="utf-8"?>
<Project ToolsVersion="4.0" xmlns="http://schemas.microsoft.com/developer/msbuild/2003">
  <ItemGroup>
    <Filter Include="Source Files">
      <UniqueIdentifier>{4FC737F1-C7A5-4376-A066-2A32D752A2FF}</UniqueIdentifier>
      <Extensions>cpp;c;cc;cxx;c++;cppm;ixx;def;odl;idl;hpj;bat;asm;asmx</Extensions>
    </Filter>
    <Filter Include="Header Files">
      <UniqueIdentifier>{93995380-89BD-4b04-88EB-625FBE52EBFB}</UniqueIdentifier>
      <Extensions>h;hh;hpp;hxx;h++;hm;inl;inc;ipp;xsd</Extensions>
    </Filter>
    <Filter Include="Header Files\Renderer">
      <UniqueIdentifier>{561943a4-0375-48a4-aa77-8338d42bc586}</UniqueIdentifier>
    </Filter>
    <Filter Include="Source Files\Renderer">
      <UniqueIdentifier>{a97ac239-d9f7-4c7e-a4f4-b0e20e9212a1}</UniqueIdentifier>
    </Filter>
    <Filter Include="Source Files\_glad">
      <UniqueIdentifier>{97375b42-eebb-47ab-a599-f339b8126db4}</UniqueIdentifier>
    </Filter>
  </ItemGroup>
  <ItemGroup>
    <ClInclude Include="include\RundeeEngine\ThreadPool.h">
      <Filter>Header Files</Filter>
    </ClInclude>
    <ClInclude Include="include\RundeeEngine\JobSystem.h">
      <Filter>Header Files</Filter>
    </ClInclude>
    <ClInclude Include="include\RundeeEngine\Logger.h">
      <Filter>Header Files</Filter>
    </ClInclude>
    <ClInclude Include="include\RundeeEngine\Renderer\Renderer.h">
      <Filter>Header Files\Renderer</Filter>
    </ClInclude>
  </ItemGroup>
  <ItemGroup>
    <ClCompile Include="src\ThreadPool.cpp">
      <Filter>Source Files</Filter>
    </ClCompile>
    <ClCompile Include="src\JobSystem.cpp">
      <Filter>Source Files</Filter>
    </ClCompile>
    <ClCompile Include="src\Logger.cpp">
      <Filter>Source Files</Filter>
    </ClCompile>
    <ClCompile Include="src\Renderer\Renderer.cpp">
      <Filter>Source Files\Renderer</Filter>
    </ClCompile>
    <ClCompile Include="..\ThirdParty\glad\src\glad.c">
      <Filter>Source Files\_glad</Filter>
    </ClCompile>
  </ItemGroup>
</Project>